
Microsoft Visual Studio Solution File, Format Version 12.00
# Visual Studio Version 16
VisualStudioVersion = 16.0.30320.27
MinimumVisualStudioVersion = 10.0.40219.1
Project("{9A19103F-16F7-4668-BE54-9A1E7A4F7556}") = "AWCustomerSupport", "AWCustomerSupport\AWCustomerSupport.csproj", "{72032269-F0C2-4001-88E0-3E0400AC5280}"
EndProject
Project("{FAE04EC0-301F-11D3-BF4B-00C04F79EFBC}") = "Tests", "Tests\Tests.csproj", "{DEAD27EB-5410-43C1-824D-9150AC18E8AA}"
EndProject
Global
	GlobalSection(SolutionConfigurationPlatforms) = preSolution
		Debug|Any CPU = Debug|Any CPU
		Release|Any CPU = Release|Any CPU
	EndGlobalSection
	GlobalSection(ProjectConfigurationPlatforms) = postSolution
		{72032269-F0C2-4001-88E0-3E0400AC5280}.Debug|Any CPU.ActiveCfg = Debug|Any CPU
		{72032269-F0C2-4001-88E0-3E0400AC5280}.Debug|Any CPU.Build.0 = Debug|Any CPU
		{72032269-F0C2-4001-88E0-3E0400AC5280}.Release|Any CPU.ActiveCfg = Release|Any CPU
		{72032269-F0C2-4001-88E0-3E0400AC5280}.Release|Any CPU.Build.0 = Release|Any CPU
		{DEAD27EB-5410-43C1-824D-9150AC18E8AA}.Debug|Any CPU.ActiveCfg = Debug|Any CPU
		{DEAD27EB-5410-43C1-824D-9150AC18E8AA}.Debug|Any CPU.Build.0 = Debug|Any CPU
		{DEAD27EB-5410-43C1-824D-9150AC18E8AA}.Release|Any CPU.ActiveCfg = Release|Any CPU
		{DEAD27EB-5410-43C1-824D-9150AC18E8AA}.Release|Any CPU.Build.0 = Release|Any CPU
	EndGlobalSection
	GlobalSection(SolutionProperties) = preSolution
		HideSolutionNode = FALSE
	EndGlobalSection
	GlobalSection(ExtensibilityGlobals) = postSolution
		SolutionGuid = {AA9EDA83-72E8-469C-A68A-D70584840FE3}
	EndGlobalSection
EndGlobal
